
Microsoft Visual Studio Solution File, Format Version 12.00
# Visual Studio Version 17
VisualStudioVersion = 17.4.33213.308
MinimumVisualStudioVersion = 10.0.40219.1
Project("{9A19103F-16F7-4668-BE54-9A1E7A4F7556}") = "OvStats_Website", "OvStats_Website\OvStats_Website.csproj", "{8C538E16-B19C-4689-A538-A3B9E7F95404}"
EndProject
Project("{FAE04EC0-301F-11D3-BF4B-00C04F79EFBC}") = "OvStats_Website_Test", "OvStats_Website_Test\OvStats_Website_Test.csproj", "{FD0029A8-8AD1-46DA-A897-7EAAF11059F2}"
EndProject
Global
	GlobalSection(SolutionConfigurationPlatforms) = preSolution
		Debug|Any CPU = Debug|Any CPU
		Release|Any CPU = Release|Any CPU
	EndGlobalSection
	GlobalSection(ProjectConfigurationPlatforms) = postSolution
		{8C538E16-B19C-4689-A538-A3B9E7F95404}.Debug|Any CPU.ActiveCfg = Debug|Any CPU
		{8C538E16-B19C-4689-A538-A3B9E7F95404}.Debug|Any CPU.Build.0 = Debug|Any CPU
		{8C538E16-B19C-4689-A538-A3B9E7F95404}.Release|Any CPU.ActiveCfg = Release|Any CPU
		{8C538E16-B19C-4689-A538-A3B9E7F95404}.Release|Any CPU.Build.0 = Release|Any CPU
		{FD0029A8-8AD1-46DA-A897-7EAAF11059F2}.Debug|Any CPU.ActiveCfg = Debug|Any CPU
		{FD0029A8-8AD1-46DA-A897-7EAAF11059F2}.Debug|Any CPU.Build.0 = Debug|Any CPU
		{FD0029A8-8AD1-46DA-A897-7EAAF11059F2}.Release|Any CPU.ActiveCfg = Release|Any CPU
		{FD0029A8-8AD1-46DA-A897-7EAAF11059F2}.Release|Any CPU.Build.0 = Release|Any CPU
	EndGlobalSection
	GlobalSection(SolutionProperties) = preSolution
		HideSolutionNode = FALSE
	EndGlobalSection
	GlobalSection(ExtensibilityGlobals) = postSolution
		SolutionGuid = {07C2CC55-D4B4-415F-A593-5FB904E2017E}
	EndGlobalSection
EndGlobal
